// !$*UTF8*$!
{
	archiveVersion = 1;
	classes = {
	};
	objectVersion = 56;
	objects = {

/* Begin PBXBuildFile section */
		3A402E142C73DC50000DE1BC /* PayloadMetadata.plist in Resources */ = {isa = PBXBuildFile; fileRef = 3A402E132C73DC4F000DE1BC /* PayloadMetadata.plist */; };
		3A7471942C1A3D6F00E559FA /* macInstallerApp.swift in Sources */ = {isa = PBXBuildFile; fileRef = 3A7471932C1A3D6F00E559FA /* macInstallerApp.swift */; };
		3A7471962C1A3D6F00E559FA /* ContentView.swift in Sources */ = {isa = PBXBuildFile; fileRef = 3A7471952C1A3D6F00E559FA /* ContentView.swift */; };
		3A7471982C1A3D7000E559FA /* Assets.xcassets in Resources */ = {isa = PBXBuildFile; fileRef = 3A7471972C1A3D7000E559FA /* Assets.xcassets */; };
		3A74719B2C1A3D7000E559FA /* Preview Assets.xcassets in Resources */ = {isa = PBXBuildFile; fileRef = 3A74719A2C1A3D7000E559FA /* Preview Assets.xcassets */; };
		3A7471A62C1A3D7000E559FA /* macInstallerTests.swift in Sources */ = {isa = PBXBuildFile; fileRef = 3A7471A52C1A3D7000E559FA /* macInstallerTests.swift */; };
		3A7471B02C1A3D7000E559FA /* macInstallerUITests.swift in Sources */ = {isa = PBXBuildFile; fileRef = 3A7471AF2C1A3D7000E559FA /* macInstallerUITests.swift */; };
		3A7471B22C1A3D7000E559FA /* macInstallerUITestsLaunchTests.swift in Sources */ = {isa = PBXBuildFile; fileRef = 3A7471B12C1A3D7000E559FA /* macInstallerUITestsLaunchTests.swift */; };
		3A7EA83A2C8BA17B0092530D /* com.greenkitty.product in CopyFiles */ = {isa = PBXBuildFile; fileRef = 3A7EA82E2C8B9CBB0092530D /* com.greenkitty.product */; };
		3A7EA83B2C8BA17E0092530D /* com.greenkitty.product.plist in CopyFiles */ = {isa = PBXBuildFile; fileRef = 3A7EA82F2C8B9CBB0092530D /* com.greenkitty.product.plist */; };
		3A7EA83F2C8BA1D40092530D /* com.greenkitty.product.plist in CopyFiles */ = {isa = PBXBuildFile; fileRef = 3A7EA83D2C8BA1D40092530D /* com.greenkitty.product.plist */; };
		3A7EA8402C8BA1D40092530D /* com.greenkitty.product in CopyFiles */ = {isa = PBXBuildFile; fileRef = 3A7EA83E2C8BA1D40092530D /* com.greenkitty.product */; };
		3ABBF9682C3360FF00490E62 /* License.html in Resources */ = {isa = PBXBuildFile; fileRef = 3ABBF9672C3360FF00490E62 /* License.html */; };
		3ABBF96C2C3364BD00490E62 /* HTMLView.swift in Sources */ = {isa = PBXBuildFile; fileRef = 3ABBF96B2C3364BD00490E62 /* HTMLView.swift */; };
		3AD257962C3AF69400AD6254 /* main.swift in Sources */ = {isa = PBXBuildFile; fileRef = 3AD257952C3AF69400AD6254 /* main.swift */; };
		3AD2579D2C3AF6EA00AD6254 /* HELPERNAME in CopyFiles */ = {isa = PBXBuildFile; fileRef = 3AD257932C3AF69400AD6254 /* HELPERNAME */; settings = {ATTRIBUTES = (CodeSignOnCopy, ); }; };
		3AD257A42C3AFD7100AD6254 /* XPCServer.swift in Sources */ = {isa = PBXBuildFile; fileRef = 3AD257A32C3AFD7100AD6254 /* XPCServer.swift */; };
		3AD257A62C3AFD7E00AD6254 /* Installer.swift in Sources */ = {isa = PBXBuildFile; fileRef = 3AD257A52C3AFD7E00AD6254 /* Installer.swift */; };
		3AD257A92C3AFDC800AD6254 /* Constants.swift in Sources */ = {isa = PBXBuildFile; fileRef = 3AD257A82C3AFDC800AD6254 /* Constants.swift */; };
		3AD257AA2C3AFDC800AD6254 /* Constants.swift in Sources */ = {isa = PBXBuildFile; fileRef = 3AD257A82C3AFDC800AD6254 /* Constants.swift */; };
		3AD257AC2C3AFDE300AD6254 /* Protocols.swift in Sources */ = {isa = PBXBuildFile; fileRef = 3AD257AB2C3AFDE300AD6254 /* Protocols.swift */; };
		3AD257AD2C3AFDE300AD6254 /* Protocols.swift in Sources */ = {isa = PBXBuildFile; fileRef = 3AD257AB2C3AFDE300AD6254 /* Protocols.swift */; };
		3AD257B22C3AFF8E00AD6254 /* XPCClient.swift in Sources */ = {isa = PBXBuildFile; fileRef = 3AD257B12C3AFF8E00AD6254 /* XPCClient.swift */; };
		3AD257B42C3AFF9E00AD6254 /* Util.swift in Sources */ = {isa = PBXBuildFile; fileRef = 3AD257B32C3AFF9E00AD6254 /* Util.swift */; };
		3AF451DA2C1E62E3003034C7 /* Localizable.xcstrings in Resources */ = {isa = PBXBuildFile; fileRef = 3AF451D92C1E62E3003034C7 /* Localizable.xcstrings */; };
/* End PBXBuildFile section */

/* Begin PBXContainerItemProxy section */
		3A7471A22C1A3D7000E559FA /* PBXContainerItemProxy */ = {
			isa = PBXContainerItemProxy;
			containerPortal = 3A7471882C1A3D6F00E559FA /* Project object */;
			proxyType = 1;
			remoteGlobalIDString = 3A74718F2C1A3D6F00E559FA;
			remoteInfo = macInstaller;
		};
		3A7471AC2C1A3D7000E559FA /* PBXContainerItemProxy */ = {
			isa = PBXContainerItemProxy;
			containerPortal = 3A7471882C1A3D6F00E559FA /* Project object */;
			proxyType = 1;
			remoteGlobalIDString = 3A74718F2C1A3D6F00E559FA;
			remoteInfo = macInstaller;
		};
		3AD2579A2C3AF69D00AD6254 /* PBXContainerItemProxy */ = {
			isa = PBXContainerItemProxy;
			containerPortal = 3A7471882C1A3D6F00E559FA /* Project object */;
			proxyType = 1;
			remoteGlobalIDString = 3AD257922C3AF69400AD6254;
			remoteInfo = InstallerHelper;
		};
/* End PBXContainerItemProxy section */

/* Begin PBXCopyFilesBuildPhase section */
		3A7EA8392C8BA16B0092530D /* CopyFiles */ = {
			isa = PBXCopyFilesBuildPhase;
			buildActionMask = 2147483647;
			dstPath = AllUsers;
			dstSubfolderSpec = 7;
			files = (
				3A7EA83B2C8BA17E0092530D /* com.greenkitty.product.plist in CopyFiles */,
				3A7EA83A2C8BA17B0092530D /* com.greenkitty.product in CopyFiles */,
			);
			runOnlyForDeploymentPostprocessing = 0;
		};
		3A7EA83C2C8BA1970092530D /* CopyFiles */ = {
			isa = PBXCopyFilesBuildPhase;
			buildActionMask = 2147483647;
			dstPath = User;
			dstSubfolderSpec = 7;
			files = (
				3A7EA83F2C8BA1D40092530D /* com.greenkitty.product.plist in CopyFiles */,
				3A7EA8402C8BA1D40092530D /* com.greenkitty.product in CopyFiles */,
			);
			runOnlyForDeploymentPostprocessing = 0;
		};
		3AD257912C3AF69400AD6254 /* CopyFiles */ = {
			isa = PBXCopyFilesBuildPhase;
			buildActionMask = 2147483647;
			dstPath = /usr/share/man/man1/;
			dstSubfolderSpec = 0;
			files = (
			);
			runOnlyForDeploymentPostprocessing = 1;
		};
		3AD2579C2C3AF6A700AD6254 /* CopyFiles */ = {
			isa = PBXCopyFilesBuildPhase;
			buildActionMask = 2147483647;
			dstPath = Contents/Library/LaunchServices;
			dstSubfolderSpec = 1;
			files = (
				3AD2579D2C3AF6EA00AD6254 /* HELPERNAME in CopyFiles */,
			);
			runOnlyForDeploymentPostprocessing = 0;
		};
/* End PBXCopyFilesBuildPhase section */

/* Begin PBXFileReference section */
		3A3C604B2C447D960068CF65 /* AdjustProjectSettings.zsh */ = {isa = PBXFileReference; lastKnownFileType = text.script.sh; name = AdjustProjectSettings.zsh; path = ../AdjustProjectSettings.zsh; sourceTree = "<group>"; };
		3A402E102C73DB42000DE1BC /* SetupPayloadMetadata.zsh */ = {isa = PBXFileReference; fileEncoding = 4; lastKnownFileType = text.script.sh; name = SetupPayloadMetadata.zsh; path = ../SetupPayloadMetadata.zsh; sourceTree = "<group>"; };
		3A402E132C73DC4F000DE1BC /* PayloadMetadata.plist */ = {isa = PBXFileReference; fileEncoding = 4; lastKnownFileType = text.plist.xml; path = PayloadMetadata.plist; sourceTree = "<group>"; };
		3A46A0CF2C1B7F5100E9515A /* License screen.png */ = {isa = PBXFileReference; lastKnownFileType = image.png; path = "License screen.png"; sourceTree = "<group>"; };
		3A46A0D12C1B7F5900E9515A /* License modal.png */ = {isa = PBXFileReference; lastKnownFileType = image.png; path = "License modal.png"; sourceTree = "<group>"; };
		3A46A0D72C1B7F9100E9515A /* Final auth screen.png */ = {isa = PBXFileReference; lastKnownFileType = image.png; path = "Final auth screen.png"; sourceTree = "<group>"; };
		3A46A0D82C1B7FAB00E9515A /* Install progress screen.png */ = {isa = PBXFileReference; lastKnownFileType = image.png; path = "Install progress screen.png"; sourceTree = "<group>"; };
		3A46A0D92C1B7FBC00E9515A /* Installation summary screen.png */ = {isa = PBXFileReference; lastKnownFileType = image.png; path = "Installation summary screen.png"; sourceTree = "<group>"; };
		3A46A0DA2C1B813E00E9515A /* Introduction screen.png */ = {isa = PBXFileReference; lastKnownFileType = image.png; path = "Introduction screen.png"; sourceTree = "<group>"; };
		3A7471902C1A3D6F00E559FA /* macInstaller.app */ = {isa = PBXFileReference; explicitFileType = wrapper.application; includeInIndex = 0; path = macInstaller.app; sourceTree = BUILT_PRODUCTS_DIR; };
		3A7471932C1A3D6F00E559FA /* macInstallerApp.swift */ = {isa = PBXFileReference; lastKnownFileType = sourcecode.swift; path = macInstallerApp.swift; sourceTree = "<group>"; };
		3A7471952C1A3D6F00E559FA /* ContentView.swift */ = {isa = PBXFileReference; lastKnownFileType = sourcecode.swift; path = ContentView.swift; sourceTree = "<group>"; };
		3A7471972C1A3D7000E559FA /* Assets.xcassets */ = {isa = PBXFileReference; lastKnownFileType = folder.assetcatalog; path = Assets.xcassets; sourceTree = "<group>"; };
		3A74719A2C1A3D7000E559FA /* Preview Assets.xcassets */ = {isa = PBXFileReference; lastKnownFileType = folder.assetcatalog; path = "Preview Assets.xcassets"; sourceTree = "<group>"; };
		3A7471A12C1A3D7000E559FA /* macInstallerTests.xctest */ = {isa = PBXFileReference; explicitFileType = wrapper.cfbundle; includeInIndex = 0; path = macInstallerTests.xctest; sourceTree = BUILT_PRODUCTS_DIR; };
		3A7471A52C1A3D7000E559FA /* macInstallerTests.swift */ = {isa = PBXFileReference; lastKnownFileType = sourcecode.swift; path = macInstallerTests.swift; sourceTree = "<group>"; };
		3A7471AB2C1A3D7000E559FA /* macInstallerUITests.xctest */ = {isa = PBXFileReference; explicitFileType = wrapper.cfbundle; includeInIndex = 0; path = macInstallerUITests.xctest; sourceTree = BUILT_PRODUCTS_DIR; };
		3A7471AF2C1A3D7000E559FA /* macInstallerUITests.swift */ = {isa = PBXFileReference; lastKnownFileType = sourcecode.swift; path = macInstallerUITests.swift; sourceTree = "<group>"; };
		3A7471B12C1A3D7000E559FA /* macInstallerUITestsLaunchTests.swift */ = {isa = PBXFileReference; lastKnownFileType = sourcecode.swift; path = macInstallerUITestsLaunchTests.swift; sourceTree = "<group>"; };
		3A7471BE2C1A3DF000E559FA /* README.md */ = {isa = PBXFileReference; lastKnownFileType = net.daringfireball.markdown; name = README.md; path = ../README.md; sourceTree = "<group>"; };
		3A7471BF2C1A3DF000E559FA /* LICENSE */ = {isa = PBXFileReference; lastKnownFileType = text; name = LICENSE; path = ../LICENSE; sourceTree = "<group>"; };
		3A7EA82E2C8B9CBB0092530D /* com.greenkitty.product */ = {isa = PBXFileReference; lastKnownFileType = "compiled.mach-o.executable"; path = com.greenkitty.product; sourceTree = "<group>"; };
		3A7EA82F2C8B9CBB0092530D /* com.greenkitty.product.plist */ = {isa = PBXFileReference; fileEncoding = 4; lastKnownFileType = text.plist.xml; path = com.greenkitty.product.plist; sourceTree = "<group>"; };
		3A7EA83D2C8BA1D40092530D /* com.greenkitty.product.plist */ = {isa = PBXFileReference; lastKnownFileType = text.plist.xml; path = com.greenkitty.product.plist; sourceTree = "<group>"; };
		3A7EA83E2C8BA1D40092530D /* com.greenkitty.product */ = {isa = PBXFileReference; lastKnownFileType = "compiled.mach-o.executable"; path = com.greenkitty.product; sourceTree = "<group>"; };
		3ABBF9672C3360FF00490E62 /* License.html */ = {isa = PBXFileReference; fileEncoding = 4; lastKnownFileType = text.html; path = License.html; sourceTree = SOURCE_ROOT; };
		3ABBF96B2C3364BD00490E62 /* HTMLView.swift */ = {isa = PBXFileReference; lastKnownFileType = sourcecode.swift; path = HTMLView.swift; sourceTree = "<group>"; };
		3AD257932C3AF69400AD6254 /* HELPERNAME */ = {isa = PBXFileReference; explicitFileType = "compiled.mach-o.executable"; includeInIndex = 0; path = HELPERNAME; sourceTree = BUILT_PRODUCTS_DIR; };
		3AD257952C3AF69400AD6254 /* main.swift */ = {isa = PBXFileReference; lastKnownFileType = sourcecode.swift; path = main.swift; sourceTree = "<group>"; };
		3AD2579E2C3AF7D600AD6254 /* Info.plist */ = {isa = PBXFileReference; lastKnownFileType = text.plist.xml; path = Info.plist; sourceTree = "<group>"; };
		3AD257A22C3AFC9500AD6254 /* launchd.plist */ = {isa = PBXFileReference; lastKnownFileType = text.plist.xml; path = launchd.plist; sourceTree = "<group>"; };
		3AD257A32C3AFD7100AD6254 /* XPCServer.swift */ = {isa = PBXFileReference; fileEncoding = 4; lastKnownFileType = sourcecode.swift; path = XPCServer.swift; sourceTree = "<group>"; };
		3AD257A52C3AFD7E00AD6254 /* Installer.swift */ = {isa = PBXFileReference; fileEncoding = 4; lastKnownFileType = sourcecode.swift; path = Installer.swift; sourceTree = "<group>"; };
		3AD257A82C3AFDC800AD6254 /* Constants.swift */ = {isa = PBXFileReference; lastKnownFileType = sourcecode.swift; path = Constants.swift; sourceTree = "<group>"; };
		3AD257AB2C3AFDE300AD6254 /* Protocols.swift */ = {isa = PBXFileReference; fileEncoding = 4; lastKnownFileType = sourcecode.swift; path = Protocols.swift; sourceTree = "<group>"; };
		3AD257AF2C3AFE6D00AD6254 /* NSXPCConnection+AuditToken.h */ = {isa = PBXFileReference; lastKnownFileType = sourcecode.c.h; path = "NSXPCConnection+AuditToken.h"; sourceTree = "<group>"; };
		3AD257B02C3AFE7400AD6254 /* HELPERNAME-Bridging-Header.h */ = {isa = PBXFileReference; lastKnownFileType = sourcecode.c.h; path = "HELPERNAME-Bridging-Header.h"; sourceTree = "<group>"; };
		3AD257B12C3AFF8E00AD6254 /* XPCClient.swift */ = {isa = PBXFileReference; fileEncoding = 4; lastKnownFileType = sourcecode.swift; path = XPCClient.swift; sourceTree = "<group>"; };
		3AD257B32C3AFF9E00AD6254 /* Util.swift */ = {isa = PBXFileReference; fileEncoding = 4; lastKnownFileType = sourcecode.swift; path = Util.swift; sourceTree = "<group>"; };
		3AD257B52C3B024E00AD6254 /* Info.plist */ = {isa = PBXFileReference; fileEncoding = 4; lastKnownFileType = text.plist.xml; path = Info.plist; sourceTree = "<group>"; };
		3AD8B5232C5DA38E00EABC7E /* RestoreProjectSettings.zsh */ = {isa = PBXFileReference; lastKnownFileType = text.script.sh; name = RestoreProjectSettings.zsh; path = ../RestoreProjectSettings.zsh; sourceTree = "<group>"; };
		3AF451D92C1E62E3003034C7 /* Localizable.xcstrings */ = {isa = PBXFileReference; lastKnownFileType = text.json.xcstrings; path = Localizable.xcstrings; sourceTree = "<group>"; };
		3AF60E222C86851300046F62 /* Destination select - initial.png */ = {isa = PBXFileReference; lastKnownFileType = image.png; path = "Destination select - initial.png"; sourceTree = "<group>"; };
		3AF60E232C86851B00046F62 /* Standard install - summary.png */ = {isa = PBXFileReference; lastKnownFileType = image.png; path = "Standard install - summary.png"; sourceTree = "<group>"; };
		3AF60E242C86852100046F62 /* Destination select - me only.png */ = {isa = PBXFileReference; lastKnownFileType = image.png; path = "Destination select - me only.png"; sourceTree = "<group>"; };
		3AF60E252C86852600046F62 /* me only - summary.png */ = {isa = PBXFileReference; lastKnownFileType = image.png; path = "me only - summary.png"; sourceTree = "<group>"; };
/* End PBXFileReference section */

/* Begin PBXFrameworksBuildPhase section */
		3A74718D2C1A3D6F00E559FA /* Frameworks */ = {
			isa = PBXFrameworksBuildPhase;
			buildActionMask = 2147483647;
			files = (
			);
			runOnlyForDeploymentPostprocessing = 0;
		};
		3A74719E2C1A3D7000E559FA /* Frameworks */ = {
			isa = PBXFrameworksBuildPhase;
			buildActionMask = 2147483647;
			files = (
			);
			runOnlyForDeploymentPostprocessing = 0;
		};
		3A7471A82C1A3D7000E559FA /* Frameworks */ = {
			isa = PBXFrameworksBuildPhase;
			buildActionMask = 2147483647;
			files = (
			);
			runOnlyForDeploymentPostprocessing = 0;
		};
		3AD257902C3AF69400AD6254 /* Frameworks */ = {
			isa = PBXFrameworksBuildPhase;
			buildActionMask = 2147483647;
			files = (
			);
			runOnlyForDeploymentPostprocessing = 0;
		};
/* End PBXFrameworksBuildPhase section */

/* Begin PBXGroup section */
		3A402E0B2C73B134000DE1BC /* Payload */ = {
			isa = PBXGroup;
			children = (
				3A7EA8332C8B9CBB0092530D /* User */,
				3A7EA8302C8B9CBB0092530D /* AllUsers */,
				3A402E132C73DC4F000DE1BC /* PayloadMetadata.plist */,
			);
			path = Payload;
			sourceTree = "<group>";
		};
		3A46A0CE2C1B7F4000E9515A /* Screenshots */ = {
			isa = PBXGroup;
			children = (
				3A46A0DA2C1B813E00E9515A /* Introduction screen.png */,
				3A46A0CF2C1B7F5100E9515A /* License screen.png */,
				3A46A0D12C1B7F5900E9515A /* License modal.png */,
				3A46A0D72C1B7F9100E9515A /* Final auth screen.png */,
				3A46A0D82C1B7FAB00E9515A /* Install progress screen.png */,
				3A46A0D92C1B7FBC00E9515A /* Installation summary screen.png */,
				3AF60E222C86851300046F62 /* Destination select - initial.png */,
				3AF60E232C86851B00046F62 /* Standard install - summary.png */,
				3AF60E242C86852100046F62 /* Destination select - me only.png */,
				3AF60E252C86852600046F62 /* me only - summary.png */,
			);
			path = Screenshots;
			sourceTree = "<group>";
		};
		3A7471872C1A3D6F00E559FA = {
			isa = PBXGroup;
			children = (
				3A402E0B2C73B134000DE1BC /* Payload */,
				3A3C604B2C447D960068CF65 /* AdjustProjectSettings.zsh */,
				3A402E102C73DB42000DE1BC /* SetupPayloadMetadata.zsh */,
				3AD8B5232C5DA38E00EABC7E /* RestoreProjectSettings.zsh */,
				3AD257A72C3AFD9A00AD6254 /* Shared */,
				3A46A0CE2C1B7F4000E9515A /* Screenshots */,
				3A7471BF2C1A3DF000E559FA /* LICENSE */,
				3A7471BE2C1A3DF000E559FA /* README.md */,
				3A7471922C1A3D6F00E559FA /* macInstaller */,
				3AD257942C3AF69400AD6254 /* HELPERNAME */,
				3A7471A42C1A3D7000E559FA /* macInstallerTests */,
				3A7471AE2C1A3D7000E559FA /* macInstallerUITests */,
				3A7471912C1A3D6F00E559FA /* Products */,
			);
			sourceTree = "<group>";
		};
		3A7471912C1A3D6F00E559FA /* Products */ = {
			isa = PBXGroup;
			children = (
				3A7471902C1A3D6F00E559FA /* macInstaller.app */,
				3A7471A12C1A3D7000E559FA /* macInstallerTests.xctest */,
				3A7471AB2C1A3D7000E559FA /* macInstallerUITests.xctest */,
				3AD257932C3AF69400AD6254 /* HELPERNAME */,
			);
			name = Products;
			sourceTree = "<group>";
		};
		3A7471922C1A3D6F00E559FA /* macInstaller */ = {
			isa = PBXGroup;
			children = (
				3ABBF9672C3360FF00490E62 /* License.html */,
				3A7471932C1A3D6F00E559FA /* macInstallerApp.swift */,
				3A7471952C1A3D6F00E559FA /* ContentView.swift */,
				3AD257B12C3AFF8E00AD6254 /* XPCClient.swift */,
				3AD257B32C3AFF9E00AD6254 /* Util.swift */,
				3A7471972C1A3D7000E559FA /* Assets.xcassets */,
				3A7471992C1A3D7000E559FA /* Preview Content */,
				3AF451D92C1E62E3003034C7 /* Localizable.xcstrings */,
				3ABBF96B2C3364BD00490E62 /* HTMLView.swift */,
				3AD257B52C3B024E00AD6254 /* Info.plist */,
			);
			path = macInstaller;
			sourceTree = "<group>";
		};
		3A7471992C1A3D7000E559FA /* Preview Content */ = {
			isa = PBXGroup;
			children = (
				3A74719A2C1A3D7000E559FA /* Preview Assets.xcassets */,
			);
			path = "Preview Content";
			sourceTree = "<group>";
		};
		3A7471A42C1A3D7000E559FA /* macInstallerTests */ = {
			isa = PBXGroup;
			children = (
				3A7471A52C1A3D7000E559FA /* macInstallerTests.swift */,
			);
			path = macInstallerTests;
			sourceTree = "<group>";
		};
		3A7471AE2C1A3D7000E559FA /* macInstallerUITests */ = {
			isa = PBXGroup;
			children = (
				3A7471AF2C1A3D7000E559FA /* macInstallerUITests.swift */,
				3A7471B12C1A3D7000E559FA /* macInstallerUITestsLaunchTests.swift */,
			);
			path = macInstallerUITests;
			sourceTree = "<group>";
		};
		3A7EA8302C8B9CBB0092530D /* AllUsers */ = {
			isa = PBXGroup;
			children = (
				3A7EA82E2C8B9CBB0092530D /* com.greenkitty.product */,
				3A7EA82F2C8B9CBB0092530D /* com.greenkitty.product.plist */,
			);
			path = AllUsers;
			sourceTree = "<group>";
		};
		3A7EA8332C8B9CBB0092530D /* User */ = {
			isa = PBXGroup;
			children = (
				3A7EA83E2C8BA1D40092530D /* com.greenkitty.product */,
				3A7EA83D2C8BA1D40092530D /* com.greenkitty.product.plist */,
			);
			path = User;
			sourceTree = "<group>";
		};
		3AD257942C3AF69400AD6254 /* HELPERNAME */ = {
			isa = PBXGroup;
			children = (
				3AD257B02C3AFE7400AD6254 /* HELPERNAME-Bridging-Header.h */,
				3AD257952C3AF69400AD6254 /* main.swift */,
				3AD257A32C3AFD7100AD6254 /* XPCServer.swift */,
				3AD257A52C3AFD7E00AD6254 /* Installer.swift */,
				3AD257AF2C3AFE6D00AD6254 /* NSXPCConnection+AuditToken.h */,
				3AD2579E2C3AF7D600AD6254 /* Info.plist */,
				3AD257A22C3AFC9500AD6254 /* launchd.plist */,
			);
			path = HELPERNAME;
			sourceTree = "<group>";
		};
		3AD257A72C3AFD9A00AD6254 /* Shared */ = {
			isa = PBXGroup;
			children = (
				3AD257A82C3AFDC800AD6254 /* Constants.swift */,
				3AD257AB2C3AFDE300AD6254 /* Protocols.swift */,
			);
			path = Shared;
			sourceTree = "<group>";
		};
/* End PBXGroup section */

/* Begin PBXNativeTarget section */
		3A74718F2C1A3D6F00E559FA /* macInstaller */ = {
			isa = PBXNativeTarget;
			buildConfigurationList = 3A7471B52C1A3D7000E559FA /* Build configuration list for PBXNativeTarget "macInstaller" */;
			buildPhases = (
				3A74718C2C1A3D6F00E559FA /* Sources */,
				3A74718D2C1A3D6F00E559FA /* Frameworks */,
				3A74718E2C1A3D6F00E559FA /* Resources */,
				3AD2579C2C3AF6A700AD6254 /* CopyFiles */,
				3A7EA8392C8BA16B0092530D /* CopyFiles */,
				3A7EA83C2C8BA1970092530D /* CopyFiles */,
			);
			buildRules = (
			);
			dependencies = (
				3AD2579B2C3AF69D00AD6254 /* PBXTargetDependency */,
			);
			name = macInstaller;
			productName = macInstaller;
			productReference = 3A7471902C1A3D6F00E559FA /* macInstaller.app */;
			productType = "com.apple.product-type.application";
		};
		3A7471A02C1A3D7000E559FA /* macInstallerTests */ = {
			isa = PBXNativeTarget;
			buildConfigurationList = 3A7471B82C1A3D7000E559FA /* Build configuration list for PBXNativeTarget "macInstallerTests" */;
			buildPhases = (
				3A74719D2C1A3D7000E559FA /* Sources */,
				3A74719E2C1A3D7000E559FA /* Frameworks */,
				3A74719F2C1A3D7000E559FA /* Resources */,
			);
			buildRules = (
			);
			dependencies = (
				3A7471A32C1A3D7000E559FA /* PBXTargetDependency */,
			);
			name = macInstallerTests;
			productName = macInstallerTests;
			productReference = 3A7471A12C1A3D7000E559FA /* macInstallerTests.xctest */;
			productType = "com.apple.product-type.bundle.unit-test";
		};
		3A7471AA2C1A3D7000E559FA /* macInstallerUITests */ = {
			isa = PBXNativeTarget;
			buildConfigurationList = 3A7471BB2C1A3D7000E559FA /* Build configuration list for PBXNativeTarget "macInstallerUITests" */;
			buildPhases = (
				3A7471A72C1A3D7000E559FA /* Sources */,
				3A7471A82C1A3D7000E559FA /* Frameworks */,
				3A7471A92C1A3D7000E559FA /* Resources */,
			);
			buildRules = (
			);
			dependencies = (
				3A7471AD2C1A3D7000E559FA /* PBXTargetDependency */,
			);
			name = macInstallerUITests;
			productName = macInstallerUITests;
			productReference = 3A7471AB2C1A3D7000E559FA /* macInstallerUITests.xctest */;
			productType = "com.apple.product-type.bundle.ui-testing";
		};
		3AD257922C3AF69400AD6254 /* HELPERNAME */ = {
			isa = PBXNativeTarget;
			buildConfigurationList = 3AD257992C3AF69400AD6254 /* Build configuration list for PBXNativeTarget "HELPERNAME" */;
			buildPhases = (
				3AD2578F2C3AF69400AD6254 /* Sources */,
				3AD257902C3AF69400AD6254 /* Frameworks */,
				3AD257912C3AF69400AD6254 /* CopyFiles */,
			);
			buildRules = (
			);
			dependencies = (
			);
			name = HELPERNAME;
			productName = InstallerHelper;
			productReference = 3AD257932C3AF69400AD6254 /* HELPERNAME */;
			productType = "com.apple.product-type.tool";
		};
/* End PBXNativeTarget section */

/* Begin PBXProject section */
		3A7471882C1A3D6F00E559FA /* Project object */ = {
			isa = PBXProject;
			attributes = {
				BuildIndependentTargetsInParallel = 1;
				LastSwiftUpdateCheck = 1540;
				LastUpgradeCheck = 1540;
				TargetAttributes = {
					3A74718F2C1A3D6F00E559FA = {
						CreatedOnToolsVersion = 15.3;
					};
					3A7471A02C1A3D7000E559FA = {
						CreatedOnToolsVersion = 15.3;
						TestTargetID = 3A74718F2C1A3D6F00E559FA;
					};
					3A7471AA2C1A3D7000E559FA = {
						CreatedOnToolsVersion = 15.3;
						TestTargetID = 3A74718F2C1A3D6F00E559FA;
					};
					3AD257922C3AF69400AD6254 = {
						CreatedOnToolsVersion = 15.4;
					};
				};
			};
			buildConfigurationList = 3A74718B2C1A3D6F00E559FA /* Build configuration list for PBXProject "macInstaller" */;
			compatibilityVersion = "Xcode 14.0";
			developmentRegion = en;
			hasScannedForEncodings = 0;
			knownRegions = (
				en,
				Base,
			);
			mainGroup = 3A7471872C1A3D6F00E559FA;
			productRefGroup = 3A7471912C1A3D6F00E559FA /* Products */;
			projectDirPath = "";
			projectRoot = "";
			targets = (
				3A74718F2C1A3D6F00E559FA /* macInstaller */,
				3A7471A02C1A3D7000E559FA /* macInstallerTests */,
				3A7471AA2C1A3D7000E559FA /* macInstallerUITests */,
				3AD257922C3AF69400AD6254 /* HELPERNAME */,
			);
		};
/* End PBXProject section */

/* Begin PBXResourcesBuildPhase section */
		3A74718E2C1A3D6F00E559FA /* Resources */ = {
			isa = PBXResourcesBuildPhase;
			buildActionMask = 2147483647;
			files = (
				3A402E142C73DC50000DE1BC /* PayloadMetadata.plist in Resources */,
				3A74719B2C1A3D7000E559FA /* Preview Assets.xcassets in Resources */,
				3A7471982C1A3D7000E559FA /* Assets.xcassets in Resources */,
				3ABBF9682C3360FF00490E62 /* License.html in Resources */,
				3AF451DA2C1E62E3003034C7 /* Localizable.xcstrings in Resources */,
			);
			runOnlyForDeploymentPostprocessing = 0;
		};
		3A74719F2C1A3D7000E559FA /* Resources */ = {
			isa = PBXResourcesBuildPhase;
			buildActionMask = 2147483647;
			files = (
			);
			runOnlyForDeploymentPostprocessing = 0;
		};
		3A7471A92C1A3D7000E559FA /* Resources */ = {
			isa = PBXResourcesBuildPhase;
			buildActionMask = 2147483647;
			files = (
			);
			runOnlyForDeploymentPostprocessing = 0;
		};
/* End PBXResourcesBuildPhase section */

/* Begin PBXSourcesBuildPhase section */
		3A74718C2C1A3D6F00E559FA /* Sources */ = {
			isa = PBXSourcesBuildPhase;
			buildActionMask = 2147483647;
			files = (
				3AD257B22C3AFF8E00AD6254 /* XPCClient.swift in Sources */,
				3AD257AC2C3AFDE300AD6254 /* Protocols.swift in Sources */,
				3ABBF96C2C3364BD00490E62 /* HTMLView.swift in Sources */,
				3A7471962C1A3D6F00E559FA /* ContentView.swift in Sources */,
				3AD257B42C3AFF9E00AD6254 /* Util.swift in Sources */,
				3A7471942C1A3D6F00E559FA /* macInstallerApp.swift in Sources */,
				3AD257A92C3AFDC800AD6254 /* Constants.swift in Sources */,
			);
			runOnlyForDeploymentPostprocessing = 0;
		};
		3A74719D2C1A3D7000E559FA /* Sources */ = {
			isa = PBXSourcesBuildPhase;
			buildActionMask = 2147483647;
			files = (
				3A7471A62C1A3D7000E559FA /* macInstallerTests.swift in Sources */,
			);
			runOnlyForDeploymentPostprocessing = 0;
		};
		3A7471A72C1A3D7000E559FA /* Sources */ = {
			isa = PBXSourcesBuildPhase;
			buildActionMask = 2147483647;
			files = (
				3A7471B02C1A3D7000E559FA /* macInstallerUITests.swift in Sources */,
				3A7471B22C1A3D7000E559FA /* macInstallerUITestsLaunchTests.swift in Sources */,
			);
			runOnlyForDeploymentPostprocessing = 0;
		};
		3AD2578F2C3AF69400AD6254 /* Sources */ = {
			isa = PBXSourcesBuildPhase;
			buildActionMask = 2147483647;
			files = (
				3AD257AD2C3AFDE300AD6254 /* Protocols.swift in Sources */,
				3AD257A62C3AFD7E00AD6254 /* Installer.swift in Sources */,
				3AD257A42C3AFD7100AD6254 /* XPCServer.swift in Sources */,
				3AD257962C3AF69400AD6254 /* main.swift in Sources */,
				3AD257AA2C3AFDC800AD6254 /* Constants.swift in Sources */,
			);
			runOnlyForDeploymentPostprocessing = 0;
		};
/* End PBXSourcesBuildPhase section */

/* Begin PBXTargetDependency section */
		3A7471A32C1A3D7000E559FA /* PBXTargetDependency */ = {
			isa = PBXTargetDependency;
			target = 3A74718F2C1A3D6F00E559FA /* macInstaller */;
			targetProxy = 3A7471A22C1A3D7000E559FA /* PBXContainerItemProxy */;
		};
		3A7471AD2C1A3D7000E559FA /* PBXTargetDependency */ = {
			isa = PBXTargetDependency;
			target = 3A74718F2C1A3D6F00E559FA /* macInstaller */;
			targetProxy = 3A7471AC2C1A3D7000E559FA /* PBXContainerItemProxy */;
		};
		3AD2579B2C3AF69D00AD6254 /* PBXTargetDependency */ = {
			isa = PBXTargetDependency;
			target = 3AD257922C3AF69400AD6254 /* HELPERNAME */;
			targetProxy = 3AD2579A2C3AF69D00AD6254 /* PBXContainerItemProxy */;
		};
/* End PBXTargetDependency section */

/* Begin XCBuildConfiguration section */
		3A7471B32C1A3D7000E559FA /* Debug */ = {
			isa = XCBuildConfiguration;
			buildSettings = {
				ALWAYS_SEARCH_USER_PATHS = NO;
				ASSETCATALOG_COMPILER_GENERATE_SWIFT_ASSET_SYMBOL_EXTENSIONS = YES;
				CLANG_ANALYZER_NONNULL = YES;
				CLANG_ANALYZER_NUMBER_OBJECT_CONVERSION = YES_AGGRESSIVE;
				CLANG_CXX_LANGUAGE_STANDARD = "gnu++20";
				CLANG_ENABLE_MODULES = YES;
				CLANG_ENABLE_OBJC_ARC = YES;
				CLANG_ENABLE_OBJC_WEAK = YES;
				CLANG_WARN_BLOCK_CAPTURE_AUTORELEASING = YES;
				CLANG_WARN_BOOL_CONVERSION = YES;
				CLANG_WARN_COMMA = YES;
				CLANG_WARN_CONSTANT_CONVERSION = YES;
				CLANG_WARN_DEPRECATED_OBJC_IMPLEMENTATIONS = YES;
				CLANG_WARN_DIRECT_OBJC_ISA_USAGE = YES_ERROR;
				CLANG_WARN_DOCUMENTATION_COMMENTS = YES;
				CLANG_WARN_EMPTY_BODY = YES;
				CLANG_WARN_ENUM_CONVERSION = YES;
				CLANG_WARN_INFINITE_RECURSION = YES;
				CLANG_WARN_INT_CONVERSION = YES;
				CLANG_WARN_NON_LITERAL_NULL_CONVERSION = YES;
				CLANG_WARN_OBJC_IMPLICIT_RETAIN_SELF = YES;
				CLANG_WARN_OBJC_LITERAL_CONVERSION = YES;
				CLANG_WARN_OBJC_ROOT_CLASS = YES_ERROR;
				CLANG_WARN_QUOTED_INCLUDE_IN_FRAMEWORK_HEADER = YES;
				CLANG_WARN_RANGE_LOOP_ANALYSIS = YES;
				CLANG_WARN_STRICT_PROTOTYPES = YES;
				CLANG_WARN_SUSPICIOUS_MOVE = YES;
				CLANG_WARN_UNGUARDED_AVAILABILITY = YES_AGGRESSIVE;
				CLANG_WARN_UNREACHABLE_CODE = YES;
				CLANG_WARN__DUPLICATE_METHOD_MATCH = YES;
				COPY_PHASE_STRIP = NO;
				DEAD_CODE_STRIPPING = YES;
				DEBUG_INFORMATION_FORMAT = dwarf;
				ENABLE_STRICT_OBJC_MSGSEND = YES;
				ENABLE_TESTABILITY = YES;
				ENABLE_USER_SCRIPT_SANDBOXING = YES;
				GCC_C_LANGUAGE_STANDARD = gnu17;
				GCC_DYNAMIC_NO_PIC = NO;
				GCC_NO_COMMON_BLOCKS = YES;
				GCC_OPTIMIZATION_LEVEL = 0;
				GCC_PREPROCESSOR_DEFINITIONS = (
					"DEBUG=1",
					"$(inherited)",
				);
				GCC_WARN_64_TO_32_BIT_CONVERSION = YES;
				GCC_WARN_ABOUT_RETURN_TYPE = YES_ERROR;
				GCC_WARN_UNDECLARED_SELECTOR = YES;
				GCC_WARN_UNINITIALIZED_AUTOS = YES_AGGRESSIVE;
				GCC_WARN_UNUSED_FUNCTION = YES;
				GCC_WARN_UNUSED_VARIABLE = YES;
				LOCALIZATION_PREFERS_STRING_CATALOGS = YES;
				MACOSX_DEPLOYMENT_TARGET = 14.4;
				MTL_ENABLE_DEBUG_INFO = INCLUDE_SOURCE;
				MTL_FAST_MATH = YES;
				ONLY_ACTIVE_ARCH = YES;
				SDKROOT = macosx;
				SWIFT_ACTIVE_COMPILATION_CONDITIONS = "DEBUG $(inherited)";
				SWIFT_OPTIMIZATION_LEVEL = "-Onone";
			};
			name = Debug;
		};
		3A7471B42C1A3D7000E559FA /* Release */ = {
			isa = XCBuildConfiguration;
			buildSettings = {
				ALWAYS_SEARCH_USER_PATHS = NO;
				ASSETCATALOG_COMPILER_GENERATE_SWIFT_ASSET_SYMBOL_EXTENSIONS = YES;
				CLANG_ANALYZER_NONNULL = YES;
				CLANG_ANALYZER_NUMBER_OBJECT_CONVERSION = YES_AGGRESSIVE;
				CLANG_CXX_LANGUAGE_STANDARD = "gnu++20";
				CLANG_ENABLE_MODULES = YES;
				CLANG_ENABLE_OBJC_ARC = YES;
				CLANG_ENABLE_OBJC_WEAK = YES;
				CLANG_WARN_BLOCK_CAPTURE_AUTORELEASING = YES;
				CLANG_WARN_BOOL_CONVERSION = YES;
				CLANG_WARN_COMMA = YES;
				CLANG_WARN_CONSTANT_CONVERSION = YES;
				CLANG_WARN_DEPRECATED_OBJC_IMPLEMENTATIONS = YES;
				CLANG_WARN_DIRECT_OBJC_ISA_USAGE = YES_ERROR;
				CLANG_WARN_DOCUMENTATION_COMMENTS = YES;
				CLANG_WARN_EMPTY_BODY = YES;
				CLANG_WARN_ENUM_CONVERSION = YES;
				CLANG_WARN_INFINITE_RECURSION = YES;
				CLANG_WARN_INT_CONVERSION = YES;
				CLANG_WARN_NON_LITERAL_NULL_CONVERSION = YES;
				CLANG_WARN_OBJC_IMPLICIT_RETAIN_SELF = YES;
				CLANG_WARN_OBJC_LITERAL_CONVERSION = YES;
				CLANG_WARN_OBJC_ROOT_CLASS = YES_ERROR;
				CLANG_WARN_QUOTED_INCLUDE_IN_FRAMEWORK_HEADER = YES;
				CLANG_WARN_RANGE_LOOP_ANALYSIS = YES;
				CLANG_WARN_STRICT_PROTOTYPES = YES;
				CLANG_WARN_SUSPICIOUS_MOVE = YES;
				CLANG_WARN_UNGUARDED_AVAILABILITY = YES_AGGRESSIVE;
				CLANG_WARN_UNREACHABLE_CODE = YES;
				CLANG_WARN__DUPLICATE_METHOD_MATCH = YES;
				COPY_PHASE_STRIP = NO;
				DEAD_CODE_STRIPPING = YES;
				DEBUG_INFORMATION_FORMAT = "dwarf-with-dsym";
				ENABLE_NS_ASSERTIONS = NO;
				ENABLE_STRICT_OBJC_MSGSEND = YES;
				ENABLE_USER_SCRIPT_SANDBOXING = YES;
				GCC_C_LANGUAGE_STANDARD = gnu17;
				GCC_NO_COMMON_BLOCKS = YES;
				GCC_WARN_64_TO_32_BIT_CONVERSION = YES;
				GCC_WARN_ABOUT_RETURN_TYPE = YES_ERROR;
				GCC_WARN_UNDECLARED_SELECTOR = YES;
				GCC_WARN_UNINITIALIZED_AUTOS = YES_AGGRESSIVE;
				GCC_WARN_UNUSED_FUNCTION = YES;
				GCC_WARN_UNUSED_VARIABLE = YES;
				LOCALIZATION_PREFERS_STRING_CATALOGS = YES;
				MACOSX_DEPLOYMENT_TARGET = 14.4;
				MTL_ENABLE_DEBUG_INFO = NO;
				MTL_FAST_MATH = YES;
				SDKROOT = macosx;
				SWIFT_COMPILATION_MODE = wholemodule;
			};
			name = Release;
		};
		3A7471B62C1A3D7000E559FA /* Debug */ = {
			isa = XCBuildConfiguration;
			buildSettings = {
				ASSETCATALOG_COMPILER_APPICON_NAME = AppIcon;
				ASSETCATALOG_COMPILER_GLOBAL_ACCENT_COLOR_NAME = AccentColor;
				CODE_SIGN_IDENTITY = "Developer ID Application";
				CODE_SIGN_STYLE = Manual;
				COMBINE_HIDPI_IMAGES = YES;
				CURRENT_PROJECT_VERSION = 1;
				DEAD_CODE_STRIPPING = YES;
				DEVELOPMENT_ASSET_PATHS = "\"macInstaller/Preview Content\"";
				DEVELOPMENT_TEAM = SIGNINGTEAM;
				ENABLE_HARDENED_RUNTIME = YES;
				ENABLE_PREVIEWS = YES;
				GENERATE_INFOPLIST_FILE = YES;
				INFOPLIST_FILE = macInstaller/Info.plist;
				INFOPLIST_KEY_NSHumanReadableCopyright = "";
				LD_RUNPATH_SEARCH_PATHS = (
					"$(inherited)",
					"@executable_path/../Frameworks",
				);
				MACOSX_DEPLOYMENT_TARGET = 14.0;
				MARKETING_VERSION = 1.0;
				PRODUCT_BUNDLE_IDENTIFIER = CLIENTNAME;
				PRODUCT_NAME = "$(TARGET_NAME)";
				PROVISIONING_PROFILE_SPECIFIER = "";
				SWIFT_EMIT_LOC_STRINGS = YES;
				SWIFT_VERSION = 5.0;
			};
			name = Debug;
		};
		3A7471B72C1A3D7000E559FA /* Release */ = {
			isa = XCBuildConfiguration;
			buildSettings = {
				ASSETCATALOG_COMPILER_APPICON_NAME = AppIcon;
				ASSETCATALOG_COMPILER_GLOBAL_ACCENT_COLOR_NAME = AccentColor;
				CODE_SIGN_IDENTITY = "Developer ID Application";
				CODE_SIGN_STYLE = Manual;
				COMBINE_HIDPI_IMAGES = YES;
				CURRENT_PROJECT_VERSION = 1;
				DEAD_CODE_STRIPPING = YES;
				DEVELOPMENT_ASSET_PATHS = "\"macInstaller/Preview Content\"";
				DEVELOPMENT_TEAM = SIGNINGTEAM;
				ENABLE_HARDENED_RUNTIME = YES;
				ENABLE_PREVIEWS = YES;
				GENERATE_INFOPLIST_FILE = YES;
				INFOPLIST_FILE = macInstaller/Info.plist;
				INFOPLIST_KEY_NSHumanReadableCopyright = "";
				LD_RUNPATH_SEARCH_PATHS = (
					"$(inherited)",
					"@executable_path/../Frameworks",
				);
				MACOSX_DEPLOYMENT_TARGET = 14.0;
				MARKETING_VERSION = 1.0;
				PRODUCT_BUNDLE_IDENTIFIER = CLIENTNAME;
				PRODUCT_NAME = "$(TARGET_NAME)";
				PROVISIONING_PROFILE_SPECIFIER = "";
				SWIFT_EMIT_LOC_STRINGS = YES;
				SWIFT_VERSION = 5.0;
			};
			name = Release;
		};
		3A7471B92C1A3D7000E559FA /* Debug */ = {
			isa = XCBuildConfiguration;
			buildSettings = {
				ALWAYS_EMBED_SWIFT_STANDARD_LIBRARIES = YES;
				BUNDLE_LOADER = "$(TEST_HOST)";
				"CODE_SIGN_IDENTITY[sdk=macosx*]" = "-";
				CODE_SIGN_STYLE = Automatic;
				CURRENT_PROJECT_VERSION = 1;
				DEAD_CODE_STRIPPING = YES;
				DEVELOPMENT_TEAM = SIGNINGTEAM;
				GENERATE_INFOPLIST_FILE = YES;
				MACOSX_DEPLOYMENT_TARGET = 14.4;
				MARKETING_VERSION = 1.0;
				PRODUCT_BUNDLE_IDENTIFIER = CLENTNAMETESTS;
				PRODUCT_NAME = "$(TARGET_NAME)";
				SWIFT_EMIT_LOC_STRINGS = NO;
				SWIFT_VERSION = 5.0;
				TEST_HOST = "$(BUILT_PRODUCTS_DIR)/macInstaller.app/$(BUNDLE_EXECUTABLE_FOLDER_PATH)/macInstaller";
			};
			name = Debug;
		};
		3A7471BA2C1A3D7000E559FA /* Release */ = {
			isa = XCBuildConfiguration;
			buildSettings = {
				ALWAYS_EMBED_SWIFT_STANDARD_LIBRARIES = YES;
				BUNDLE_LOADER = "$(TEST_HOST)";
				"CODE_SIGN_IDENTITY[sdk=macosx*]" = "-";
				CODE_SIGN_STYLE = Automatic;
				CURRENT_PROJECT_VERSION = 1;
				DEAD_CODE_STRIPPING = YES;
				DEVELOPMENT_TEAM = SIGNINGTEAM;
				GENERATE_INFOPLIST_FILE = YES;
				MACOSX_DEPLOYMENT_TARGET = 14.4;
				MARKETING_VERSION = 1.0;
				PRODUCT_BUNDLE_IDENTIFIER = CLIENTNAMETESTS;
				PRODUCT_NAME = "$(TARGET_NAME)";
				SWIFT_EMIT_LOC_STRINGS = NO;
				SWIFT_VERSION = 5.0;
				TEST_HOST = "$(BUILT_PRODUCTS_DIR)/macInstaller.app/$(BUNDLE_EXECUTABLE_FOLDER_PATH)/macInstaller";
			};
			name = Release;
		};
		3A7471BC2C1A3D7000E559FA /* Debug */ = {
			isa = XCBuildConfiguration;
			buildSettings = {
				ALWAYS_EMBED_SWIFT_STANDARD_LIBRARIES = YES;
				"CODE_SIGN_IDENTITY[sdk=macosx*]" = "-";
				CODE_SIGN_STYLE = Automatic;
				CURRENT_PROJECT_VERSION = 1;
				DEAD_CODE_STRIPPING = YES;
				DEVELOPMENT_TEAM = SIGNINGTEAM;
				GENERATE_INFOPLIST_FILE = YES;
				MARKETING_VERSION = 1.0;
				PRODUCT_BUNDLE_IDENTIFIER = CLIENTNAMEUITESTS;
				PRODUCT_NAME = "$(TARGET_NAME)";
				SWIFT_EMIT_LOC_STRINGS = NO;
				SWIFT_VERSION = 5.0;
				TEST_TARGET_NAME = macInstaller;
			};
			name = Debug;
		};
		3A7471BD2C1A3D7000E559FA /* Release */ = {
			isa = XCBuildConfiguration;
			buildSettings = {
				ALWAYS_EMBED_SWIFT_STANDARD_LIBRARIES = YES;
				"CODE_SIGN_IDENTITY[sdk=macosx*]" = "-";
				CODE_SIGN_STYLE = Automatic;
				CURRENT_PROJECT_VERSION = 1;
				DEAD_CODE_STRIPPING = YES;
				DEVELOPMENT_TEAM = SIGNINGTEAM;
				GENERATE_INFOPLIST_FILE = YES;
				MARKETING_VERSION = 1.0;
				PRODUCT_BUNDLE_IDENTIFIER = CLIENTNAMEUITESTS;
				PRODUCT_NAME = "$(TARGET_NAME)";
				SWIFT_EMIT_LOC_STRINGS = NO;
				SWIFT_VERSION = 5.0;
				TEST_TARGET_NAME = macInstaller;
			};
			name = Release;
		};
		3AD257972C3AF69400AD6254 /* Debug */ = {
			isa = XCBuildConfiguration;
			buildSettings = {
				CODE_SIGN_IDENTITY = "Developer ID Application";
				CODE_SIGN_STYLE = Manual;
				CREATE_INFOPLIST_SECTION_IN_BINARY = YES;
				DEAD_CODE_STRIPPING = YES;
				DEVELOPMENT_TEAM = SIGNINGTEAM;
				ENABLE_HARDENED_RUNTIME = YES;
				INFOPLIST_FILE = "$(SRCROOT)/$(TARGET_NAME)/Info.plist";
				MACOSX_DEPLOYMENT_TARGET = 14.0;
				OTHER_LDFLAGS = (
					"-sectcreate",
					__TEXT,
					__launchd_plist,
					"$(SRCROOT)/$(TARGET_NAME)/launchd.plist",
				);
				PRODUCT_BUNDLE_IDENTIFIER = HELPERNAME;
				PRODUCT_NAME = "$(TARGET_NAME)";
				PROVISIONING_PROFILE_SPECIFIER = "";
				SWIFT_OBJC_BRIDGING_HEADER = "HELPERNAME/HELPERNAME-Bridging-Header.h";
				SWIFT_VERSION = 5.0;
			};
			name = Debug;
		};
		3AD257982C3AF69400AD6254 /* Release */ = {
			isa = XCBuildConfiguration;
			buildSettings = {
				CODE_SIGN_IDENTITY = "Developer ID Application";
				"CODE_SIGN_IDENTITY[sdk=macosx*]" = "Developer ID Application";
				CODE_SIGN_STYLE = Manual;
				CREATE_INFOPLIST_SECTION_IN_BINARY = YES;
				DEAD_CODE_STRIPPING = YES;
				DEVELOPMENT_TEAM = SIGNINGTEAM;
				ENABLE_HARDENED_RUNTIME = YES;
				INFOPLIST_FILE = "$(SRCROOT)/$(TARGET_NAME)/Info.plist";
				MACOSX_DEPLOYMENT_TARGET = 14.0;
				OTHER_LDFLAGS = (
					"-sectcreate",
					__TEXT,
					__launchd_plist,
					"$(SRCROOT)/$(TARGET_NAME)/launchd.plist",
				);
				PRODUCT_BUNDLE_IDENTIFIER = HELPERNAME;
				PRODUCT_NAME = "$(TARGET_NAME)";
				PROVISIONING_PROFILE_SPECIFIER = "";
				SWIFT_OBJC_BRIDGING_HEADER = "HELPERNAME/HELPERNAME-Bridging-Header.h";
				SWIFT_VERSION = 5.0;
			};
			name = Release;
		};
/* End XCBuildConfiguration section */

/* Begin XCConfigurationList section */
		3A74718B2C1A3D6F00E559FA /* Build configuration list for PBXProject "macInstaller" */ = {
			isa = XCConfigurationList;
			buildConfigurations = (
				3A7471B32C1A3D7000E559FA /* Debug */,
				3A7471B42C1A3D7000E559FA /* Release */,
			);
			defaultConfigurationIsVisible = 0;
			defaultConfigurationName = Release;
		};
		3A7471B52C1A3D7000E559FA /* Build configuration list for PBXNativeTarget "macInstaller" */ = {
			isa = XCConfigurationList;
			buildConfigurations = (
				3A7471B62C1A3D7000E559FA /* Debug */,
				3A7471B72C1A3D7000E559FA /* Release */,
			);
			defaultConfigurationIsVisible = 0;
			defaultConfigurationName = Release;
		};
		3A7471B82C1A3D7000E559FA /* Build configuration list for PBXNativeTarget "macInstallerTests" */ = {
			isa = XCConfigurationList;
			buildConfigurations = (
				3A7471B92C1A3D7000E559FA /* Debug */,
				3A7471BA2C1A3D7000E559FA /* Release */,
			);
			defaultConfigurationIsVisible = 0;
			defaultConfigurationName = Release;
		};
		3A7471BB2C1A3D7000E559FA /* Build configuration list for PBXNativeTarget "macInstallerUITests" */ = {
			isa = XCConfigurationList;
			buildConfigurations = (
				3A7471BC2C1A3D7000E559FA /* Debug */,
				3A7471BD2C1A3D7000E559FA /* Release */,
			);
			defaultConfigurationIsVisible = 0;
			defaultConfigurationName = Release;
		};
		3AD257992C3AF69400AD6254 /* Build configuration list for PBXNativeTarget "HELPERNAME" */ = {
			isa = XCConfigurationList;
			buildConfigurations = (
				3AD257972C3AF69400AD6254 /* Debug */,
				3AD257982C3AF69400AD6254 /* Release */,
			);
			defaultConfigurationIsVisible = 0;
			defaultConfigurationName = Release;
		};
/* End XCConfigurationList section */
	};
	rootObject = 3A7471882C1A3D6F00E559FA /* Project object */;
}
